
Microsoft Visual Studio Solution File, Format Version 12.00
# Visual Studio 14
VisualStudioVersion = 14.0.24720.0
MinimumVisualStudioVersion = 10.0.40219.1
Project("{FAE04EC0-301F-11D3-BF4B-00C04F79EFBC}") = "SimpleIdentityService", "SimpleIdentityService\SimpleIdentityService.csproj", "{EF86496F-1095-4A1C-B068-5F2EDF9F4560}"
EndProject
Project("{FAE04EC0-301F-11D3-BF4B-00C04F79EFBC}") = "ConsoleIdentityServiceTester", "ConsoleIdentityServiceTester\ConsoleIdentityServiceTester.csproj", "{B0EF246A-3698-42EF-AB9F-E9063291F5D9}"
EndProject
Global
	GlobalSection(SolutionConfigurationPlatforms) = preSolution
		Debug|Any CPU = Debug|Any CPU
		Release|Any CPU = Release|Any CPU
	EndGlobalSection
	GlobalSection(ProjectConfigurationPlatforms) = postSolution
		{EF86496F-1095-4A1C-B068-5F2EDF9F4560}.Debug|Any CPU.ActiveCfg = Debug|Any CPU
		{EF86496F-1095-4A1C-B068-5F2EDF9F4560}.Debug|Any CPU.Build.0 = Debug|Any CPU
		{EF86496F-1095-4A1C-B068-5F2EDF9F4560}.Release|Any CPU.ActiveCfg = Release|Any CPU
		{EF86496F-1095-4A1C-B068-5F2EDF9F4560}.Release|Any CPU.Build.0 = Release|Any CPU
		{B0EF246A-3698-42EF-AB9F-E9063291F5D9}.Debug|Any CPU.ActiveCfg = Debug|Any CPU
		{B0EF246A-3698-42EF-AB9F-E9063291F5D9}.Debug|Any CPU.Build.0 = Debug|Any CPU
		{B0EF246A-3698-42EF-AB9F-E9063291F5D9}.Release|Any CPU.ActiveCfg = Release|Any CPU
		{B0EF246A-3698-42EF-AB9F-E9063291F5D9}.Release|Any CPU.Build.0 = Release|Any CPU
	EndGlobalSection
	GlobalSection(SolutionProperties) = preSolution
		HideSolutionNode = FALSE
	EndGlobalSection
EndGlobal
